
Microsoft Visual Studio Solution File, Format Version 12.00
# Visual Studio Version 17
VisualStudioVersion = 17.5.002.0
MinimumVisualStudioVersion = 10.0.40219.1
Project("{9A19103F-16F7-4668-BE54-9A1E7A4F7556}") = "AspNetCoreTodo", "AspNetCoreTodo.csproj", "{76515848-5C52-468D-AB33-28A600B67B00}"
EndProject
Global
	GlobalSection(SolutionConfigurationPlatforms) = preSolution
		Debug|Any CPU = Debug|Any CPU
		Release|Any CPU = Release|Any CPU
	EndGlobalSection
	GlobalSection(ProjectConfigurationPlatforms) = postSolution
		{76515848-5C52-468D-AB33-28A600B67B00}.Debug|Any CPU.ActiveCfg = Debug|Any CPU
		{76515848-5C52-468D-AB33-28A600B67B00}.Debug|Any CPU.Build.0 = Debug|Any CPU
		{76515848-5C52-468D-AB33-28A600B67B00}.Release|Any CPU.ActiveCfg = Release|Any CPU
		{76515848-5C52-468D-AB33-28A600B67B00}.Release|Any CPU.Build.0 = Release|Any CPU
	EndGlobalSection
	GlobalSection(SolutionProperties) = preSolution
		HideSolutionNode = FALSE
	EndGlobalSection
	GlobalSection(ExtensibilityGlobals) = postSolution
		SolutionGuid = {0845352B-147E-48CF-909A-9A3E087AC5E8}
	EndGlobalSection
EndGlobal
